<?xml version="1.0" encoding="utf-8"?>
<Project ToolsVersion="4.0" xmlns="http://schemas.microsoft.com/developer/msbuild/2003">
  <ItemGroup>
    <ClCompile Include="src\main.cpp" />
    <ClCompile Include="src\Card.cpp" />
    <ClCompile Include="src\Deck.cpp" />
  </ItemGroup>
  <ItemGroup>
    <ClInclude Include="src\Card.h" />
    <ClInclude Include="include\SFML-3.0.2\include\SFML\Audio\AudioResource.hpp" />
    <ClInclude Include="include\SFML-3.0.2\include\SFML\Audio\Export.hpp" />
    <ClInclude Include="include\SFML-3.0.2\include\SFML\Audio\InputSoundFile.hpp" />
    <ClInclude Include="include\SFML-3.0.2\include\SFML\Audio\Listener.hpp" />
    <ClInclude Include="include\SFML-3.0.2\include\SFML\Audio\Music.hpp" />
    <ClInclude Include="include\SFML-3.0.2\include\SFML\Audio\OutputSoundFile.hpp" />
    <ClInclude Include="include\SFML-3.0.2\include\SFML\Audio\PlaybackDevice.hpp" />
    <ClInclude Include="include\SFML-3.0.2\include\SFML\Audio\Sound.hpp" />
    <ClInclude Include="include\SFML-3.0.2\include\SFML\Audio\SoundBuffer.hpp" />
    <ClInclude Include="include\SFML-3.0.2\include\SFML\Audio\SoundBufferRecorder.hpp" />
    <ClInclude Include="include\SFML-3.0.2\include\SFML\Audio\SoundChannel.hpp" />
    <ClInclude Include="include\SFML-3.0.2\include\SFML\Audio\SoundFileFactory.hpp" />
    <ClInclude Include="include\SFML-3.0.2\include\SFML\Audio\SoundFileReader.hpp" />
    <ClInclude Include="include\SFML-3.0.2\include\SFML\Audio\SoundFileWriter.hpp" />
    <ClInclude Include="include\SFML-3.0.2\include\SFML\Audio\SoundRecorder.hpp" />
    <ClInclude Include="include\SFML-3.0.2\include\SFML\Audio\SoundSource.hpp" />
    <ClInclude Include="include\SFML-3.0.2\include\SFML\Audio\SoundStream.hpp" />
    <ClInclude Include="include\SFML-3.0.2\include\SFML\Graphics\BlendMode.hpp" />
    <ClInclude Include="include\SFML-3.0.2\include\SFML\Graphics\CircleShape.hpp" />
    <ClInclude Include="include\SFML-3.0.2\include\SFML\Graphics\Color.hpp" />
    <ClInclude Include="include\SFML-3.0.2\include\SFML\Graphics\ConvexShape.hpp" />
    <ClInclude Include="include\SFML-3.0.2\include\SFML\Graphics\CoordinateType.hpp" />
    <ClInclude Include="include\SFML-3.0.2\include\SFML\Graphics\Drawable.hpp" />
    <ClInclude Include="include\SFML-3.0.2\include\SFML\Graphics\Export.hpp" />
    <ClInclude Include="include\SFML-3.0.2\include\SFML\Graphics\Font.hpp" />
    <ClInclude Include="include\SFML-3.0.2\include\SFML\Graphics\Glsl.hpp" />
    <ClInclude Include="include\SFML-3.0.2\include\SFML\Graphics\Glyph.hpp" />
    <ClInclude Include="include\SFML-3.0.2\include\SFML\Graphics\Image.hpp" />
    <ClInclude Include="include\SFML-3.0.2\include\SFML\Graphics\PrimitiveType.hpp" />
    <ClInclude Include="include\SFML-3.0.2\include\SFML\Graphics\Rect.hpp" />
    <ClInclude Include="include\SFML-3.0.2\include\SFML\Graphics\RectangleShape.hpp" />
    <ClInclude Include="include\SFML-3.0.2\include\SFML\Graphics\RenderStates.hpp" />
    <ClInclude Include="include\SFML-3.0.2\include\SFML\Graphics\RenderTarget.hpp" />
    <ClInclude Include="include\SFML-3.0.2\include\SFML\Graphics\RenderTexture.hpp" />
    <ClInclude Include="include\SFML-3.0.2\include\SFML\Graphics\RenderWindow.hpp" />
    <ClInclude Include="include\SFML-3.0.2\include\SFML\Graphics\Shader.hpp" />
    <ClInclude Include="include\SFML-3.0.2\include\SFML\Graphics\Shape.hpp" />
    <ClInclude Include="include\SFML-3.0.2\include\SFML\Graphics\Sprite.hpp" />
    <ClInclude Include="include\SFML-3.0.2\include\SFML\Graphics\StencilMode.hpp" />
    <ClInclude Include="include\SFML-3.0.2\include\SFML\Graphics\Text.hpp" />
    <ClInclude Include="include\SFML-3.0.2\include\SFML\Graphics\Texture.hpp" />
    <ClInclude Include="include\SFML-3.0.2\include\SFML\Graphics\Transform.hpp" />
    <ClInclude Include="include\SFML-3.0.2\include\SFML\Graphics\Transformable.hpp" />
    <ClInclude Include="include\SFML-3.0.2\include\SFML\Graphics\Vertex.hpp" />
    <ClInclude Include="include\SFML-3.0.2\include\SFML\Graphics\VertexArray.hpp" />
    <ClInclude Include="include\SFML-3.0.2\include\SFML\Graphics\VertexBuffer.hpp" />
    <ClInclude Include="include\SFML-3.0.2\include\SFML\Graphics\View.hpp" />
    <ClInclude Include="include\SFML-3.0.2\include\SFML\Network\Export.hpp" />
    <ClInclude Include="include\SFML-3.0.2\include\SFML\Network\Ftp.hpp" />
    <ClInclude Include="include\SFML-3.0.2\include\SFML\Network\Http.hpp" />
    <ClInclude Include="include\SFML-3.0.2\include\SFML\Network\IpAddress.hpp" />
    <ClInclude Include="include\SFML-3.0.2\include\SFML\Network\Packet.hpp" />
    <ClInclude Include="include\SFML-3.0.2\include\SFML\Network\Socket.hpp" />
    <ClInclude Include="include\SFML-3.0.2\include\SFML\Network\SocketHandle.hpp" />
    <ClInclude Include="include\SFML-3.0.2\include\SFML\Network\SocketSelector.hpp" />
    <ClInclude Include="include\SFML-3.0.2\include\SFML\Network\TcpListener.hpp" />
    <ClInclude Include="include\SFML-3.0.2\include\SFML\Network\TcpSocket.hpp" />
    <ClInclude Include="include\SFML-3.0.2\include\SFML\Network\UdpSocket.hpp" />
    <ClInclude Include="include\SFML-3.0.2\include\SFML\System\Angle.hpp" />
    <ClInclude Include="include\SFML-3.0.2\include\SFML\System\Clock.hpp" />
    <ClInclude Include="include\SFML-3.0.2\include\SFML\System\Err.hpp" />
    <ClInclude Include="include\SFML-3.0.2\include\SFML\System\Exception.hpp" />
    <ClInclude Include="include\SFML-3.0.2\include\SFML\System\Export.hpp" />
    <ClInclude Include="include\SFML-3.0.2\include\SFML\System\FileInputStream.hpp" />
    <ClInclude Include="include\SFML-3.0.2\include\SFML\System\InputStream.hpp" />
    <ClInclude Include="include\SFML-3.0.2\include\SFML\System\MemoryInputStream.hpp" />
    <ClInclude Include="include\SFML-3.0.2\include\SFML\System\NativeActivity.hpp" />
    <ClInclude Include="include\SFML-3.0.2\include\SFML\System\Sleep.hpp" />
    <ClInclude Include="include\SFML-3.0.2\include\SFML\System\String.hpp" />
    <ClInclude Include="include\SFML-3.0.2\include\SFML\System\SuspendAwareClock.hpp" />
    <ClInclude Include="include\SFML-3.0.2\include\SFML\System\Time.hpp" />
    <ClInclude Include="include\SFML-3.0.2\include\SFML\System\Utf.hpp" />
    <ClInclude Include="include\SFML-3.0.2\include\SFML\System\Vector2.hpp" />
    <ClInclude Include="include\SFML-3.0.2\include\SFML\System\Vector3.hpp" />
    <ClInclude Include="include\SFML-3.0.2\include\SFML\Window\Clipboard.hpp" />
    <ClInclude Include="include\SFML-3.0.2\include\SFML\Window\Context.hpp" />
    <ClInclude Include="include\SFML-3.0.2\include\SFML\Window\ContextSettings.hpp" />
    <ClInclude Include="include\SFML-3.0.2\include\SFML\Window\Cursor.hpp" />
    <ClInclude Include="include\SFML-3.0.2\include\SFML\Window\Event.hpp" />
    <ClInclude Include="include\SFML-3.0.2\include\SFML\Window\Export.hpp" />
    <ClInclude Include="include\SFML-3.0.2\include\SFML\Window\GlResource.hpp" />
    <ClInclude Include="include\SFML-3.0.2\include\SFML\Window\Joystick.hpp" />
    <ClInclude Include="include\SFML-3.0.2\include\SFML\Window\Keyboard.hpp" />
    <ClInclude Include="include\SFML-3.0.2\include\SFML\Window\Mouse.hpp" />
    <ClInclude Include="include\SFML-3.0.2\include\SFML\Window\Sensor.hpp" />
    <ClInclude Include="include\SFML-3.0.2\include\SFML\Window\Touch.hpp" />
    <ClInclude Include="include\SFML-3.0.2\include\SFML\Window\VideoMode.hpp" />
    <ClInclude Include="include\SFML-3.0.2\include\SFML\Window\Vulkan.hpp" />
    <ClInclude Include="include\SFML-3.0.2\include\SFML\Window\Window.hpp" />
    <ClInclude Include="include\SFML-3.0.2\include\SFML\Window\WindowBase.hpp" />
    <ClInclude Include="include\SFML-3.0.2\include\SFML\Window\WindowEnums.hpp" />
    <ClInclude Include="include\SFML-3.0.2\include\SFML\Window\WindowHandle.hpp" />
    <ClInclude Include="include\SFML-3.0.2\include\SFML\Audio.hpp" />
    <ClInclude Include="include\SFML-3.0.2\include\SFML\Config.hpp" />
    <ClInclude Include="include\SFML-3.0.2\include\SFML\GpuPreference.hpp" />
    <ClInclude Include="include\SFML-3.0.2\include\SFML\Graphics.hpp" />
    <ClInclude Include="include\SFML-3.0.2\include\SFML\Main.hpp" />
    <ClInclude Include="include\SFML-3.0.2\include\SFML\Network.hpp" />
    <ClInclude Include="include\SFML-3.0.2\include\SFML\OpenGL.hpp" />
    <ClInclude Include="include\SFML-3.0.2\include\SFML\System.hpp" />
    <ClInclude Include="include\SFML-3.0.2\include\SFML\Window.hpp" />
    <ClInclude Include="src\Deck.h" />
  </ItemGroup>
  <ItemGroup>
    <None Include="include\SFML-3.0.2\include\SFML\Audio\SoundFileFactory.inl" />
    <None Include="include\SFML-3.0.2\include\SFML\Graphics\Color.inl" />
    <None Include="include\SFML-3.0.2\include\SFML\Graphics\Glsl.inl" />
    <None Include="include\SFML-3.0.2\include\SFML\Graphics\Rect.inl" />
    <None Include="include\SFML-3.0.2\include\SFML\Graphics\Transform.inl" />
    <None Include="include\SFML-3.0.2\include\SFML\System\Angle.inl" />
    <None Include="include\SFML-3.0.2\include\SFML\System\String.inl" />
    <None Include="include\SFML-3.0.2\include\SFML\System\Time.inl" />
    <None Include="include\SFML-3.0.2\include\SFML\System\Utf.inl" />
    <None Include="include\SFML-3.0.2\include\SFML\System\Vector2.inl" />
    <None Include="include\SFML-3.0.2\include\SFML\System\Vector3.inl" />
    <None Include="include\SFML-3.0.2\include\SFML\Window\Event.inl" />
    <None Include="include\SFML-3.0.2\include\SFML\Window\WindowBase.inl" />
  </ItemGroup>
</Project>